
Microsoft Visual Studio Solution File, Format Version 12.00
# Visual Studio Version 17
VisualStudioVersion = 17.5.002.0
MinimumVisualStudioVersion = 10.0.40219.1
Project("{2150E333-8FDC-42A3-9474-1A3956D46DE8}") = "csharp", "csharp", "{D6F52823-6689-4119-B524-1551BC18E242}"
EndProject
Project("{9A19103F-16F7-4668-BE54-9A1E7A4F7556}") = "HelloWorld", "csharp\hello-world\HelloWorld.csproj", "{565C5491-0392-4077-890A-75AECD1A882C}"
EndProject
Global
	GlobalSection(SolutionConfigurationPlatforms) = preSolution
		Debug|Any CPU = Debug|Any CPU
		Release|Any CPU = Release|Any CPU
	EndGlobalSection
	GlobalSection(ProjectConfigurationPlatforms) = postSolution
		{565C5491-0392-4077-890A-75AECD1A882C}.Debug|Any CPU.ActiveCfg = Debug|Any CPU
		{565C5491-0392-4077-890A-75AECD1A882C}.Debug|Any CPU.Build.0 = Debug|Any CPU
		{565C5491-0392-4077-890A-75AECD1A882C}.Release|Any CPU.ActiveCfg = Release|Any CPU
		{565C5491-0392-4077-890A-75AECD1A882C}.Release|Any CPU.Build.0 = Release|Any CPU
	EndGlobalSection
	GlobalSection(SolutionProperties) = preSolution
		HideSolutionNode = FALSE
	EndGlobalSection
	GlobalSection(NestedProjects) = preSolution
		{565C5491-0392-4077-890A-75AECD1A882C} = {D6F52823-6689-4119-B524-1551BC18E242}
	EndGlobalSection
	GlobalSection(ExtensibilityGlobals) = postSolution
		SolutionGuid = {F7DAB156-7097-41E1-8E27-FA2F4CF87CD0}
	EndGlobalSection
EndGlobal
